
Microsoft Visual Studio Solution File, Format Version 12.00
# Visual Studio 2015
Project("{FAE04EC0-301F-11D3-BF4B-00C04F79EFBC}") = "Crazy Crocos.CSharp", "Crazy Crocos.CSharp.csproj", "{97134154-9DBA-A06A-5539-D761F4534FEA}"
EndProject
Global
	GlobalSection(SolutionConfigurationPlatforms) = preSolution
		Debug|Any CPU = Debug|Any CPU
		Release|Any CPU = Release|Any CPU
	EndGlobalSection
	GlobalSection(ProjectConfigurationPlatforms) = postSolution
		{97134154-9DBA-A06A-5539-D761F4534FEA}.Debug|Any CPU.ActiveCfg = Debug|Any CPU
		{97134154-9DBA-A06A-5539-D761F4534FEA}.Debug|Any CPU.Build.0 = Debug|Any CPU
		{97134154-9DBA-A06A-5539-D761F4534FEA}.Release|Any CPU.ActiveCfg = Release|Any CPU
		{97134154-9DBA-A06A-5539-D761F4534FEA}.Release|Any CPU.Build.0 = Release|Any CPU
	EndGlobalSection
	GlobalSection(SolutionProperties) = preSolution
		HideSolutionNode = FALSE
	EndGlobalSection
EndGlobal
